
Microsoft Visual Studio Solution File, Format Version 12.00
# Visual Studio Version 17
VisualStudioVersion = 17.2.32630.192
MinimumVisualStudioVersion = 10.0.40219.1
Project("{FAE04EC0-301F-11D3-BF4B-00C04F79EFBC}") = "CompKing.API", "CompKing.API\CompKing.API.csproj", "{9596BA08-47A6-404F-AE04-DD7DE9589D7D}"
EndProject
Global
	GlobalSection(SolutionConfigurationPlatforms) = preSolution
		Debug|Any CPU = Debug|Any CPU
		Release|Any CPU = Release|Any CPU
	EndGlobalSection
	GlobalSection(ProjectConfigurationPlatforms) = postSolution
		{9596BA08-47A6-404F-AE04-DD7DE9589D7D}.Debug|Any CPU.ActiveCfg = Debug|Any CPU
		{9596BA08-47A6-404F-AE04-DD7DE9589D7D}.Debug|Any CPU.Build.0 = Debug|Any CPU
		{9596BA08-47A6-404F-AE04-DD7DE9589D7D}.Release|Any CPU.ActiveCfg = Release|Any CPU
		{9596BA08-47A6-404F-AE04-DD7DE9589D7D}.Release|Any CPU.Build.0 = Release|Any CPU
	EndGlobalSection
	GlobalSection(SolutionProperties) = preSolution
		HideSolutionNode = FALSE
	EndGlobalSection
	GlobalSection(ExtensibilityGlobals) = postSolution
		SolutionGuid = {CF9E8914-BA92-4639-91E6-78A55546B33C}
	EndGlobalSection
EndGlobal
